
Microsoft Visual Studio Solution File, Format Version 12.00
# Visual Studio Version 17
VisualStudioVersion = 17.2.32519.379
MinimumVisualStudioVersion = 10.0.40219.1
Project("{8BC9CEB8-8B4A-11D0-8D11-00A0C91BC942}") = "lab_1.6_oop", "lab_1.6_oop\lab_1.6_oop.vcxproj", "{38398A3A-C95C-47F9-B25D-1AADC87F1F31}"
EndProject
Project("{8BC9CEB8-8B4A-11D0-8D11-00A0C91BC942}") = "UnitTest1.6", "UnitTest1.6\UnitTest1.6.vcxproj", "{6CCCACAD-9450-4826-A0A3-AC354B0580A1}"
EndProject
Global
	GlobalSection(SolutionConfigurationPlatforms) = preSolution
		Debug|x64 = Debug|x64
		Debug|x86 = Debug|x86
		Release|x64 = Release|x64
		Release|x86 = Release|x86
	EndGlobalSection
	GlobalSection(ProjectConfigurationPlatforms) = postSolution
		{38398A3A-C95C-47F9-B25D-1AADC87F1F31}.Debug|x64.ActiveCfg = Debug|x64
		{38398A3A-C95C-47F9-B25D-1AADC87F1F31}.Debug|x64.Build.0 = Debug|x64
		{38398A3A-C95C-47F9-B25D-1AADC87F1F31}.Debug|x86.ActiveCfg = Debug|Win32
		{38398A3A-C95C-47F9-B25D-1AADC87F1F31}.Debug|x86.Build.0 = Debug|Win32
		{38398A3A-C95C-47F9-B25D-1AADC87F1F31}.Release|x64.ActiveCfg = Release|x64
		{38398A3A-C95C-47F9-B25D-1AADC87F1F31}.Release|x64.Build.0 = Release|x64
		{38398A3A-C95C-47F9-B25D-1AADC87F1F31}.Release|x86.ActiveCfg = Release|Win32
		{38398A3A-C95C-47F9-B25D-1AADC87F1F31}.Release|x86.Build.0 = Release|Win32
		{6CCCACAD-9450-4826-A0A3-AC354B0580A1}.Debug|x64.ActiveCfg = Debug|x64
		{6CCCACAD-9450-4826-A0A3-AC354B0580A1}.Debug|x64.Build.0 = Debug|x64
		{6CCCACAD-9450-4826-A0A3-AC354B0580A1}.Debug|x86.ActiveCfg = Debug|Win32
		{6CCCACAD-9450-4826-A0A3-AC354B0580A1}.Debug|x86.Build.0 = Debug|Win32
		{6CCCACAD-9450-4826-A0A3-AC354B0580A1}.Release|x64.ActiveCfg = Release|x64
		{6CCCACAD-9450-4826-A0A3-AC354B0580A1}.Release|x64.Build.0 = Release|x64
		{6CCCACAD-9450-4826-A0A3-AC354B0580A1}.Release|x86.ActiveCfg = Release|Win32
		{6CCCACAD-9450-4826-A0A3-AC354B0580A1}.Release|x86.Build.0 = Release|Win32
	EndGlobalSection
	GlobalSection(SolutionProperties) = preSolution
		HideSolutionNode = FALSE
	EndGlobalSection
	GlobalSection(ExtensibilityGlobals) = postSolution
		SolutionGuid = {92ECD95B-D6E3-408D-BE9F-5AB6316D375A}
	EndGlobalSection
EndGlobal
